<?xml version="1.0" encoding="UTF-8" standalone="yes" ?>
<CodeBlocks_project_file>
	<FileVersion major="1" minor="6" />
	<Project>
		<Option title="ChexMix" />
		<Option pch_mode="2" />
		<Option compiler="gcc" />
		<Option virtualFolders="MoveTypes\;src\;" />
		<Build>
			<Target title="Debug">
				<Option output="bin\Debug\ChexMix" prefix_auto="1" extension_auto="1" />
				<Option object_output="obj\Debug\" />
				<Option type="1" />
				<Option compiler="gcc" />
				<Compiler>
					<Add option="-g" />
				</Compiler>
			</Target>
			<Target title="Release">
				<Option output="bin\Release\ChexMix" prefix_auto="1" extension_auto="1" />
				<Option object_output="obj\Release\" />
				<Option type="1" />
				<Option compiler="gcc" />
				<Compiler>
					<Add option="-O2" />
				</Compiler>
				<Linker>
					<Add option="-s" />
				</Linker>
			</Target>
		</Build>
		<Compiler>
			<Add option="-Wall" />
			<Add directory="C:\home\workstation\projects\ChexMix\include" />
		</Compiler>
		<Unit filename="include\BishopMoveType.h" />
		<Unit filename="include\Board.h" />
		<Unit filename="include\Director.h" />
		<Unit filename="include\KingMoveType.h" />
		<Unit filename="include\KnightMoveType.h" />
		<Unit filename="include\MoveType.h" />
		<Unit filename="include\PawnMoveType.h" />
		<Unit filename="include\QueenMoveType.h" />
		<Unit filename="include\RookMoveType.h" />
		<Unit filename="include\Rules.cpp">
			<Option virtualFolder="src\" />
		</Unit>
		<Unit filename="include\Rules.h" />
		<Unit filename="include\Vec2.h" />
		<Unit filename="src\BishopMoveType.cpp">
			<Option virtualFolder="MoveTypes\" />
		</Unit>
		<Unit filename="src\Board.cpp" />
		<Unit filename="src\Director.cpp" />
		<Unit filename="src\KingMoveType.cpp">
			<Option virtualFolder="MoveTypes\" />
		</Unit>
		<Unit filename="src\KnightMoveType.cpp">
			<Option virtualFolder="MoveTypes\" />
		</Unit>
		<Unit filename="src\MoveType.cpp">
			<Option virtualFolder="MoveTypes\" />
		</Unit>
		<Unit filename="src\PawnMoveType.cpp">
			<Option virtualFolder="MoveTypes\" />
		</Unit>
		<Unit filename="src\QueenMoveType.cpp">
			<Option virtualFolder="MoveTypes\" />
		</Unit>
		<Unit filename="src\RookMoveType.cpp">
			<Option virtualFolder="MoveTypes\" />
		</Unit>
		<Unit filename="src\Rules.cpp" />
		<Unit filename="src\Vec2.cpp" />
		<Unit filename="src\main.cpp" />
		<Extensions>
			<code_completion />
			<envvars />
			<debugger />
			<lib_finder disable_auto="1" />
		</Extensions>
	</Project>
</CodeBlocks_project_file>
